
Microsoft Visual Studio Solution File, Format Version 12.00
Project("{FAE04EC0-301F-11D3-BF4B-00C04F79EFBC}") = "ParkingSystem-NTTDigital", "ParkingSystem-NTTDigital\ParkingSystem-NTTDigital.csproj", "{6BDB0A91-863C-4368-A3CE-714CDD2865C7}"
EndProject
Global
	GlobalSection(SolutionConfigurationPlatforms) = preSolution
		Debug|Any CPU = Debug|Any CPU
		Release|Any CPU = Release|Any CPU
	EndGlobalSection
	GlobalSection(ProjectConfigurationPlatforms) = postSolution
		{6BDB0A91-863C-4368-A3CE-714CDD2865C7}.Debug|Any CPU.ActiveCfg = Debug|Any CPU
		{6BDB0A91-863C-4368-A3CE-714CDD2865C7}.Debug|Any CPU.Build.0 = Debug|Any CPU
		{6BDB0A91-863C-4368-A3CE-714CDD2865C7}.Release|Any CPU.ActiveCfg = Release|Any CPU
		{6BDB0A91-863C-4368-A3CE-714CDD2865C7}.Release|Any CPU.Build.0 = Release|Any CPU
	EndGlobalSection
EndGlobal
